# THIS IS AN AUTOGENERATED FILE. DO NOT EDIT THIS FILE DIRECTLY.
# yarn lockfile v1


"@puppeteer/replay@^0.0.3":
  version "0.0.3"
  resolved "https://registry.yarnpkg.com/@puppeteer/replay/-/replay-0.0.3.tgz#d09351556d143f5c4f1a9b5b8e435e2fe4aadf93"
  integrity sha512-dq8L0qMCVyGwC8CKr6wdOf1bWpoL1aiqxNyer6L/jK63ravdmGztokajrQaiQQ/VuJOss+CsSbmm9G4cXCp/kw==

"@types/node@^17.0.21":
  version "17.0.21"
  resolved "https://registry.yarnpkg.com/@types/node/-/node-17.0.21.tgz#864b987c0c68d07b4345845c3e63b75edd143644"
  integrity sha512-DBZCJbhII3r90XbQxI8Y9IjjiiOGlZ0Hr32omXIZvwwZ7p4DMMXGrKXVyPfuoBOri9XNtL0UK69jYIBIsRX3QQ==

typescript@^4.6.2:
  version "4.6.2"
  resolved "https://registry.yarnpkg.com/typescript/-/typescript-4.6.2.tgz#fe12d2727b708f4eef40f51598b3398baa9611d4"
  integrity sha512-HM/hFigTBHZhLXshn9sN37H085+hQGeJHJ/X7LpBWLID/fbc2acUMfU+lGD98X81sKP+pFa9f0DZmCwB9GnbAg==
